
Microsoft Visual Studio Solution File, Format Version 12.00
# Visual Studio 14
VisualStudioVersion = 14.0.25420.1
MinimumVisualStudioVersion = 10.0.40219.1
Project("{2150E333-8FDC-42A3-9474-1A3956D46DE8}") = "src", "src", "{B48B8FCA-4AAF-4687-8F11-0CC4DC16BBC0}"
EndProject
Project("{2150E333-8FDC-42A3-9474-1A3956D46DE8}") = "Solution Items", "Solution Items", "{56BC8694-0632-4F44-82DA-25E87F468D83}"
	ProjectSection(SolutionItems) = preProject
		global.json = global.json
	EndProjectSection
EndProject
Project("{8BB2217D-0F2D-49D1-97BC-3654ED321F3B}") = "WebApplicationCore", "src\WebApplicationCore\WebApplicationCore.xproj", "{5B7A8B9A-C278-41C3-BCF2-A8ADE33AB119}"
EndProject
Global
	GlobalSection(SolutionConfigurationPlatforms) = preSolution
		Debug|Any CPU = Debug|Any CPU
		Release|Any CPU = Release|Any CPU
	EndGlobalSection
	GlobalSection(ProjectConfigurationPlatforms) = postSolution
		{5B7A8B9A-C278-41C3-BCF2-A8ADE33AB119}.Debug|Any CPU.ActiveCfg = Debug|Any CPU
		{5B7A8B9A-C278-41C3-BCF2-A8ADE33AB119}.Debug|Any CPU.Build.0 = Debug|Any CPU
		{5B7A8B9A-C278-41C3-BCF2-A8ADE33AB119}.Release|Any CPU.ActiveCfg = Release|Any CPU
		{5B7A8B9A-C278-41C3-BCF2-A8ADE33AB119}.Release|Any CPU.Build.0 = Release|Any CPU
	EndGlobalSection
	GlobalSection(SolutionProperties) = preSolution
		HideSolutionNode = FALSE
	EndGlobalSection
	GlobalSection(NestedProjects) = preSolution
		{5B7A8B9A-C278-41C3-BCF2-A8ADE33AB119} = {B48B8FCA-4AAF-4687-8F11-0CC4DC16BBC0}
	EndGlobalSection
EndGlobal
